
Microsoft Visual Studio Solution File, Format Version 12.00
# Visual Studio Version 17
VisualStudioVersion = 17.0.32014.148
MinimumVisualStudioVersion = 10.0.40219.1
Project("{2150E333-8FDC-42A3-9474-1A3956D46DE8}") = "src", "src", "{235528B2-E8E1-4526-8ED4-E972669EC83A}"
EndProject
Project("{2150E333-8FDC-42A3-9474-1A3956D46DE8}") = "test", "test", "{69D30DE0-4352-461D-A2FD-30B2D6270830}"
EndProject
Project("{FAE04EC0-301F-11D3-BF4B-00C04F79EFBC}") = "Nuway", "src\Nuway\Nuway.csproj", "{39815B9E-EE8D-415C-91F7-11D5A54541F4}"
EndProject
Global
	GlobalSection(SolutionConfigurationPlatforms) = preSolution
		Debug|Any CPU = Debug|Any CPU
		Release|Any CPU = Release|Any CPU
	EndGlobalSection
	GlobalSection(ProjectConfigurationPlatforms) = postSolution
		{39815B9E-EE8D-415C-91F7-11D5A54541F4}.Debug|Any CPU.ActiveCfg = Debug|Any CPU
		{39815B9E-EE8D-415C-91F7-11D5A54541F4}.Debug|Any CPU.Build.0 = Debug|Any CPU
		{39815B9E-EE8D-415C-91F7-11D5A54541F4}.Release|Any CPU.ActiveCfg = Release|Any CPU
		{39815B9E-EE8D-415C-91F7-11D5A54541F4}.Release|Any CPU.Build.0 = Release|Any CPU
	EndGlobalSection
	GlobalSection(SolutionProperties) = preSolution
		HideSolutionNode = FALSE
	EndGlobalSection
	GlobalSection(NestedProjects) = preSolution
		{39815B9E-EE8D-415C-91F7-11D5A54541F4} = {235528B2-E8E1-4526-8ED4-E972669EC83A}
	EndGlobalSection
	GlobalSection(ExtensibilityGlobals) = postSolution
		SolutionGuid = {B63C998F-F862-413B-90E0-C33F4B24899A}
	EndGlobalSection
EndGlobal
